PODS:
  - ADAL (2.2.7):
    - ADAL/app-lib (= 2.2.7)
  - ADAL/app-lib (2.2.7):
    - ADAL/tokencacheheader
  - ADAL/tokencacheheader (2.2.7)

DEPENDENCIES:
  - ADAL (= 2.2.7)

SPEC CHECKSUMS:
  ADAL: d9bbf2c3f2ad17754178356937088b682a8a5c42

PODFILE CHECKSUM: 688802c2af22347ee56b6bc748ab5fc85343547f

COCOAPODS: 1.1.1
